
Microsoft Visual Studio Solution File, Format Version 12.00
# Visual Studio Version 16
VisualStudioVersion = 16.0.28922.388
MinimumVisualStudioVersion = 10.0.40219.1
Project("{FAE04EC0-301F-11D3-BF4B-00C04F79EFBC}") = "TopDownDesignEthan", "TopDownDesignEthan\TopDownDesignEthan.csproj", "{8F1909FD-43BD-4E26-96CB-3CBF7A410113}"
EndProject
Global
	GlobalSection(SolutionConfigurationPlatforms) = preSolution
		Debug|Any CPU = Debug|Any CPU
		Release|Any CPU = Release|Any CPU
	EndGlobalSection
	GlobalSection(ProjectConfigurationPlatforms) = postSolution
		{8F1909FD-43BD-4E26-96CB-3CBF7A410113}.Debug|Any CPU.ActiveCfg = Debug|Any CPU
		{8F1909FD-43BD-4E26-96CB-3CBF7A410113}.Debug|Any CPU.Build.0 = Debug|Any CPU
		{8F1909FD-43BD-4E26-96CB-3CBF7A410113}.Release|Any CPU.ActiveCfg = Release|Any CPU
		{8F1909FD-43BD-4E26-96CB-3CBF7A410113}.Release|Any CPU.Build.0 = Release|Any CPU
	EndGlobalSection
	GlobalSection(SolutionProperties) = preSolution
		HideSolutionNode = FALSE
	EndGlobalSection
	GlobalSection(ExtensibilityGlobals) = postSolution
		SolutionGuid = {137A14CA-0F9D-433A-98E2-97AD4DC965DE}
	EndGlobalSection
EndGlobal
