
Microsoft Visual Studio Solution File, Format Version 12.00
# Visual Studio Version 16
VisualStudioVersion = 16.0.28922.388
MinimumVisualStudioVersion = 10.0.40219.1
Project("{FAE04EC0-301F-11D3-BF4B-00C04F79EFBC}") = "FavouriteMusicGenresEthan", "FavouriteMusicGenresEthan\FavouriteMusicGenresEthan.csproj", "{589E1012-76F8-4925-A0A1-2F91B2B0BFB4}"
EndProject
Global
	GlobalSection(SolutionConfigurationPlatforms) = preSolution
		Debug|Any CPU = Debug|Any CPU
		Release|Any CPU = Release|Any CPU
	EndGlobalSection
	GlobalSection(ProjectConfigurationPlatforms) = postSolution
		{589E1012-76F8-4925-A0A1-2F91B2B0BFB4}.Debug|Any CPU.ActiveCfg = Debug|Any CPU
		{589E1012-76F8-4925-A0A1-2F91B2B0BFB4}.Debug|Any CPU.Build.0 = Debug|Any CPU
		{589E1012-76F8-4925-A0A1-2F91B2B0BFB4}.Release|Any CPU.ActiveCfg = Release|Any CPU
		{589E1012-76F8-4925-A0A1-2F91B2B0BFB4}.Release|Any CPU.Build.0 = Release|Any CPU
	EndGlobalSection
	GlobalSection(SolutionProperties) = preSolution
		HideSolutionNode = FALSE
	EndGlobalSection
	GlobalSection(ExtensibilityGlobals) = postSolution
		SolutionGuid = {0ED88818-6225-49B9-BB12-113EF4A2E31D}
	EndGlobalSection
EndGlobal
